
Microsoft Visual Studio Solution File, Format Version 12.00
# Visual Studio 15
VisualStudioVersion = 15.0.27428.2037
MinimumVisualStudioVersion = 10.0.40219.1
Project("{FAE04EC0-301F-11D3-BF4B-00C04F79EFBC}") = "SeismicProfile", "SeismicProfile\SeismicProfile.csproj", "{125D227D-ECC8-41E3-9E1B-53840B12A549}"
EndProject
Global
	GlobalSection(SolutionConfigurationPlatforms) = preSolution
		Debug|Any CPU = Debug|Any CPU
		Release|Any CPU = Release|Any CPU
	EndGlobalSection
	GlobalSection(ProjectConfigurationPlatforms) = postSolution
		{125D227D-ECC8-41E3-9E1B-53840B12A549}.Debug|Any CPU.ActiveCfg = Debug|Any CPU
		{125D227D-ECC8-41E3-9E1B-53840B12A549}.Debug|Any CPU.Build.0 = Debug|Any CPU
		{125D227D-ECC8-41E3-9E1B-53840B12A549}.Release|Any CPU.ActiveCfg = Release|Any CPU
		{125D227D-ECC8-41E3-9E1B-53840B12A549}.Release|Any CPU.Build.0 = Release|Any CPU
	EndGlobalSection
	GlobalSection(SolutionProperties) = preSolution
		HideSolutionNode = FALSE
	EndGlobalSection
	GlobalSection(ExtensibilityGlobals) = postSolution
		SolutionGuid = {84743F15-A92B-4BC6-9625-377CF59FAC3F}
	EndGlobalSection
EndGlobal
